// !$*UTF8*$!
{
	archiveVersion = 1;
	classes = {
	};
	objectVersion = 46;
	objects = {

/* Begin PBXBuildFile section */
		922B63A61E9407B600C0BEDB /* Main.storyboard in Resources */ = {isa = PBXBuildFile; fileRef = 922B63A41E9407B600C0BEDB /* Main.storyboard */; };
		922B63AB1E9407B600C0BEDB /* Assets.xcassets in Resources */ = {isa = PBXBuildFile; fileRef = 922B63AA1E9407B600C0BEDB /* Assets.xcassets */; };
		922B63AE1E9407B600C0BEDB /* LaunchScreen.storyboard in Resources */ = {isa = PBXBuildFile; fileRef = 922B63AC1E9407B600C0BEDB /* LaunchScreen.storyboard */; };
		922B63E81E94978C00C0BEDB /* AppDelegate.swift in Sources */ = {isa = PBXBuildFile; fileRef = 922B63DA1E94978C00C0BEDB /* AppDelegate.swift */; };
		922B63EB1E94978C00C0BEDB /* ViewController.swift in Sources */ = {isa = PBXBuildFile; fileRef = 922B63DD1E94978C00C0BEDB /* ViewController.swift */; };
		922B63EE1E94978C00C0BEDB /* SudokuSolver.xcdatamodeld in Sources */ = {isa = PBXBuildFile; fileRef = 922B63DF1E94978C00C0BEDB /* SudokuSolver.xcdatamodeld */; };
		922B63F11E94978C00C0BEDB /* SudoKu.swift in Sources */ = {isa = PBXBuildFile; fileRef = 922B63E21E94978C00C0BEDB /* SudoKu.swift */; };
		922B63F41E94978C00C0BEDB /* SudokuCollectionViewCell.swift in Sources */ = {isa = PBXBuildFile; fileRef = 922B63E71E94978C00C0BEDB /* SudokuCollectionViewCell.swift */; };
		922B63F81E949D1A00C0BEDB /* SudokuCalculator.swift in Sources */ = {isa = PBXBuildFile; fileRef = 922B63F71E949D1A00C0BEDB /* SudokuCalculator.swift */; };
		92A395541E9A9EF0001B830B /* PhotoManager.swift in Sources */ = {isa = PBXBuildFile; fileRef = 92A395531E9A9EF0001B830B /* PhotoManager.swift */; };
/* End PBXBuildFile section */

/* Begin PBXFileReference section */
		922B639D1E9407B600C0BEDB /* SudokuSolver.app */ = {isa = PBXFileReference; explicitFileType = wrapper.application; includeInIndex = 0; path = SudokuSolver.app; sourceTree = BUILT_PRODUCTS_DIR; };
		922B63A51E9407B600C0BEDB /* Base */ = {isa = PBXFileReference; lastKnownFileType = file.storyboard; name = Base; path = Base.lproj/Main.storyboard; sourceTree = "<group>"; };
		922B63AA1E9407B600C0BEDB /* Assets.xcassets */ = {isa = PBXFileReference; lastKnownFileType = folder.assetcatalog; path = Assets.xcassets; sourceTree = "<group>"; };
		922B63AD1E9407B600C0BEDB /* Base */ = {isa = PBXFileReference; lastKnownFileType = file.storyboard; name = Base; path = Base.lproj/LaunchScreen.storyboard; sourceTree = "<group>"; };
		922B63AF1E9407B600C0BEDB /* Info.plist */ = {isa = PBXFileReference; lastKnownFileType = text.plist.xml; path = Info.plist; sourceTree = "<group>"; };
		922B63DA1E94978C00C0BEDB /* AppDelegate.swift */ = {isa = PBXFileReference; fileEncoding = 4; lastKnownFileType = sourcecode.swift; path = AppDelegate.swift; sourceTree = "<group>"; };
		922B63DD1E94978C00C0BEDB /* ViewController.swift */ = {isa = PBXFileReference; fileEncoding = 4; lastKnownFileType = sourcecode.swift; path = ViewController.swift; sourceTree = "<group>"; };
		922B63E01E94978C00C0BEDB /* SudokuSolver.xcdatamodel */ = {isa = PBXFileReference; lastKnownFileType = wrapper.xcdatamodel; path = SudokuSolver.xcdatamodel; sourceTree = "<group>"; };
		922B63E21E94978C00C0BEDB /* SudoKu.swift */ = {isa = PBXFileReference; fileEncoding = 4; lastKnownFileType = sourcecode.swift; path = SudoKu.swift; sourceTree = "<group>"; };
		922B63E71E94978C00C0BEDB /* SudokuCollectionViewCell.swift */ = {isa = PBXFileReference; fileEncoding = 4; lastKnownFileType = sourcecode.swift; path = SudokuCollectionViewCell.swift; sourceTree = "<group>"; };
		922B63F71E949D1A00C0BEDB /* SudokuCalculator.swift */ = {isa = PBXFileReference; fileEncoding = 4; lastKnownFileType = sourcecode.swift; path = SudokuCalculator.swift; sourceTree = "<group>"; };
		92A395531E9A9EF0001B830B /* PhotoManager.swift */ = {isa = PBXFileReference; fileEncoding = 4; lastKnownFileType = sourcecode.swift; path = PhotoManager.swift; sourceTree = "<group>"; };
/* End PBXFileReference section */

/* Begin PBXFrameworksBuildPhase section */
		922B639A1E9407B600C0BEDB /* Frameworks */ = {
			isa = PBXFrameworksBuildPhase;
			buildActionMask = 2147483647;
			files = (
			);
			runOnlyForDeploymentPostprocessing = 0;
		};
/* End PBXFrameworksBuildPhase section */

/* Begin PBXGroup section */
		922B63941E9407B600C0BEDB = {
			isa = PBXGroup;
			children = (
				922B639F1E9407B600C0BEDB /* SudokuSolver */,
				922B639E1E9407B600C0BEDB /* Products */,
			);
			sourceTree = "<group>";
		};
		922B639E1E9407B600C0BEDB /* Products */ = {
			isa = PBXGroup;
			children = (
				922B639D1E9407B600C0BEDB /* SudokuSolver.app */,
			);
			name = Products;
			sourceTree = "<group>";
		};
		922B639F1E9407B600C0BEDB /* SudokuSolver */ = {
			isa = PBXGroup;
			children = (
				922B63D91E94978C00C0BEDB /* src */,
				922B63A41E9407B600C0BEDB /* Main.storyboard */,
				922B63AA1E9407B600C0BEDB /* Assets.xcassets */,
				922B63AC1E9407B600C0BEDB /* LaunchScreen.storyboard */,
				922B63AF1E9407B600C0BEDB /* Info.plist */,
			);
			path = SudokuSolver;
			sourceTree = "<group>";
		};
		922B63D91E94978C00C0BEDB /* src */ = {
			isa = PBXGroup;
			children = (
				922B63DA1E94978C00C0BEDB /* AppDelegate.swift */,
				922B63DB1E94978C00C0BEDB /* categories */,
				922B63DC1E94978C00C0BEDB /* controllers */,
				922B63DE1E94978C00C0BEDB /* coreData */,
				922B63E11E94978C00C0BEDB /* models */,
				922B63E31E94978C00C0BEDB /* protocols */,
				922B63E41E94978C00C0BEDB /* singletone */,
				922B63E51E94978C00C0BEDB /* supportingFiles */,
				922B63E61E94978C00C0BEDB /* views */,
			);
			path = src;
			sourceTree = "<group>";
		};
		922B63DB1E94978C00C0BEDB /* categories */ = {
			isa = PBXGroup;
			children = (
			);
			path = categories;
			sourceTree = "<group>";
		};
		922B63DC1E94978C00C0BEDB /* controllers */ = {
			isa = PBXGroup;
			children = (
				922B63DD1E94978C00C0BEDB /* ViewController.swift */,
			);
			path = controllers;
			sourceTree = "<group>";
		};
		922B63DE1E94978C00C0BEDB /* coreData */ = {
			isa = PBXGroup;
			children = (
				922B63DF1E94978C00C0BEDB /* SudokuSolver.xcdatamodeld */,
			);
			path = coreData;
			sourceTree = "<group>";
		};
		922B63E11E94978C00C0BEDB /* models */ = {
			isa = PBXGroup;
			children = (
				922B63E21E94978C00C0BEDB /* SudoKu.swift */,
				922B63F71E949D1A00C0BEDB /* SudokuCalculator.swift */,
				92A395531E9A9EF0001B830B /* PhotoManager.swift */,
			);
			path = models;
			sourceTree = "<group>";
		};
		922B63E31E94978C00C0BEDB /* protocols */ = {
			isa = PBXGroup;
			children = (
			);
			path = protocols;
			sourceTree = "<group>";
		};
		922B63E41E94978C00C0BEDB /* singletone */ = {
			isa = PBXGroup;
			children = (
			);
			path = singletone;
			sourceTree = "<group>";
		};
		922B63E51E94978C00C0BEDB /* supportingFiles */ = {
			isa = PBXGroup;
			children = (
			);
			path = supportingFiles;
			sourceTree = "<group>";
		};
		922B63E61E94978C00C0BEDB /* views */ = {
			isa = PBXGroup;
			children = (
				922B63E71E94978C00C0BEDB /* SudokuCollectionViewCell.swift */,
			);
			path = views;
			sourceTree = "<group>";
		};
/* End PBXGroup section */

/* Begin PBXNativeTarget section */
		922B639C1E9407B600C0BEDB /* SudokuSolver */ = {
			isa = PBXNativeTarget;
			buildConfigurationList = 922B63C81E9407B600C0BEDB /* Build configuration list for PBXNativeTarget "SudokuSolver" */;
			buildPhases = (
				922B63991E9407B600C0BEDB /* Sources */,
				922B639A1E9407B600C0BEDB /* Frameworks */,
				922B639B1E9407B600C0BEDB /* Resources */,
			);
			buildRules = (
			);
			dependencies = (
			);
			name = SudokuSolver;
			productName = SudokuSolver;
			productReference = 922B639D1E9407B600C0BEDB /* SudokuSolver.app */;
			productType = "com.apple.product-type.application";
		};
/* End PBXNativeTarget section */

/* Begin PBXProject section */
		922B63951E9407B600C0BEDB /* Project object */ = {
			isa = PBXProject;
			attributes = {
				LastSwiftUpdateCheck = 0830;
				LastUpgradeCheck = 1000;
				ORGANIZATIONNAME = iTamilan;
				TargetAttributes = {
					922B639C1E9407B600C0BEDB = {
						CreatedOnToolsVersion = 8.3;
						DevelopmentTeam = 949NT5KTS9;
						ProvisioningStyle = Automatic;
					};
				};
			};
			buildConfigurationList = 922B63981E9407B600C0BEDB /* Build configuration list for PBXProject "SudokuSolver" */;
			compatibilityVersion = "Xcode 3.2";
			developmentRegion = English;
			hasScannedForEncodings = 0;
			knownRegions = (
				en,
				Base,
			);
			mainGroup = 922B63941E9407B600C0BEDB;
			productRefGroup = 922B639E1E9407B600C0BEDB /* Products */;
			projectDirPath = "";
			projectRoot = "";
			targets = (
				922B639C1E9407B600C0BEDB /* SudokuSolver */,
			);
		};
/* End PBXProject section */

/* Begin PBXResourcesBuildPhase section */
		922B639B1E9407B600C0BEDB /* Resources */ = {
			isa = PBXResourcesBuildPhase;
			buildActionMask = 2147483647;
			files = (
				922B63AE1E9407B600C0BEDB /* LaunchScreen.storyboard in Resources */,
				922B63AB1E9407B600C0BEDB /* Assets.xcassets in Resources */,
				922B63A61E9407B600C0BEDB /* Main.storyboard in Resources */,
			);
			runOnlyForDeploymentPostprocessing = 0;
		};
/* End PBXResourcesBuildPhase section */

/* Begin PBXSourcesBuildPhase section */
		922B63991E9407B600C0BEDB /* Sources */ = {
			isa = PBXSourcesBuildPhase;
			buildActionMask = 2147483647;
			files = (
				922B63EB1E94978C00C0BEDB /* ViewController.swift in Sources */,
				922B63E81E94978C00C0BEDB /* AppDelegate.swift in Sources */,
				92A395541E9A9EF0001B830B /* PhotoManager.swift in Sources */,
				922B63F81E949D1A00C0BEDB /* SudokuCalculator.swift in Sources */,
				922B63F41E94978C00C0BEDB /* SudokuCollectionViewCell.swift in Sources */,
				922B63F11E94978C00C0BEDB /* SudoKu.swift in Sources */,
				922B63EE1E94978C00C0BEDB /* SudokuSolver.xcdatamodeld in Sources */,
			);
			runOnlyForDeploymentPostprocessing = 0;
		};
/* End PBXSourcesBuildPhase section */

/* Begin PBXVariantGroup section */
		922B63A41E9407B600C0BEDB /* Main.storyboard */ = {
			isa = PBXVariantGroup;
			children = (
				922B63A51E9407B600C0BEDB /* Base */,
			);
			name = Main.storyboard;
			sourceTree = "<group>";
		};
		922B63AC1E9407B600C0BEDB /* LaunchScreen.storyboard */ = {
			isa = PBXVariantGroup;
			children = (
				922B63AD1E9407B600C0BEDB /* Base */,
			);
			name = LaunchScreen.storyboard;
			sourceTree = "<group>";
		};
/* End PBXVariantGroup section */

/* Begin XCBuildConfiguration section */
		922B63C61E9407B600C0BEDB /* Debug */ = {
			isa = XCBuildConfiguration;
			buildSettings = {
				ALWAYS_SEARCH_USER_PATHS = NO;
				CLANG_ANALYZER_NONNULL = YES;
				CLANG_ANALYZER_NUMBER_OBJECT_CONVERSION = YES_AGGRESSIVE;
				CLANG_CXX_LANGUAGE_STANDARD = "gnu++0x";
				CLANG_CXX_LIBRARY = "libc++";
				CLANG_ENABLE_MODULES = YES;
				CLANG_ENABLE_OBJC_ARC = YES;
				CLANG_WARN_BLOCK_CAPTURE_AUTORELEASING = YES;
				CLANG_WARN_BOOL_CONVERSION = YES;
				CLANG_WARN_COMMA = YES;
				CLANG_WARN_CONSTANT_CONVERSION = YES;
				CLANG_WARN_DEPRECATED_OBJC_IMPLEMENTATIONS = YES;
				CLANG_WARN_DIRECT_OBJC_ISA_USAGE = YES_ERROR;
				CLANG_WARN_DOCUMENTATION_COMMENTS = YES;
				CLANG_WARN_EMPTY_BODY = YES;
				CLANG_WARN_ENUM_CONVERSION = YES;
				CLANG_WARN_INFINITE_RECURSION = YES;
				CLANG_WARN_INT_CONVERSION = YES;
				CLANG_WARN_NON_LITERAL_NULL_CONVERSION = YES;
				CLANG_WARN_OBJC_IMPLICIT_RETAIN_SELF = YES;
				CLANG_WARN_OBJC_LITERAL_CONVERSION = YES;
				CLANG_WARN_OBJC_ROOT_CLASS = YES_ERROR;
				CLANG_WARN_RANGE_LOOP_ANALYSIS = YES;
				CLANG_WARN_STRICT_PROTOTYPES = YES;
				CLANG_WARN_SUSPICIOUS_MOVE = YES;
				CLANG_WARN_UNREACHABLE_CODE = YES;
				CLANG_WARN__DUPLICATE_METHOD_MATCH = YES;
				"CODE_SIGN_IDENTITY[sdk=iphoneos*]" = "iPhone Developer";
				COPY_PHASE_STRIP = NO;
				DEBUG_INFORMATION_FORMAT = dwarf;
				ENABLE_STRICT_OBJC_MSGSEND = YES;
				ENABLE_TESTABILITY = YES;
				GCC_C_LANGUAGE_STANDARD = gnu99;
				GCC_DYNAMIC_NO_PIC = NO;
				GCC_NO_COMMON_BLOCKS = YES;
				GCC_OPTIMIZATION_LEVEL = 0;
				GCC_PREPROCESSOR_DEFINITIONS = (
					"DEBUG=1",
					"$(inherited)",
				);
				GCC_WARN_64_TO_32_BIT_CONVERSION = YES;
				GCC_WARN_ABOUT_RETURN_TYPE = YES_ERROR;
				GCC_WARN_UNDECLARED_SELECTOR = YES;
				GCC_WARN_UNINITIALIZED_AUTOS = YES_AGGRESSIVE;
				GCC_WARN_UNUSED_FUNCTION = YES;
				GCC_WARN_UNUSED_VARIABLE = YES;
				IPHONEOS_DEPLOYMENT_TARGET = 10.3;
				MTL_ENABLE_DEBUG_INFO = YES;
				ONLY_ACTIVE_ARCH = YES;
				SDKROOT = iphoneos;
				SWIFT_ACTIVE_COMPILATION_CONDITIONS = DEBUG;
				SWIFT_OPTIMIZATION_LEVEL = "-Onone";
				TARGETED_DEVICE_FAMILY = "1,2";
			};
			name = Debug;
		};
		922B63C71E9407B600C0BEDB /* Release */ = {
			isa = XCBuildConfiguration;
			buildSettings = {
				ALWAYS_SEARCH_USER_PATHS = NO;
				CLANG_ANALYZER_NONNULL = YES;
				CLANG_ANALYZER_NUMBER_OBJECT_CONVERSION = YES_AGGRESSIVE;
				CLANG_CXX_LANGUAGE_STANDARD = "gnu++0x";
				CLANG_CXX_LIBRARY = "libc++";
				CLANG_ENABLE_MODULES = YES;
				CLANG_ENABLE_OBJC_ARC = YES;
				CLANG_WARN_BLOCK_CAPTURE_AUTORELEASING = YES;
				CLANG_WARN_BOOL_CONVERSION = YES;
				CLANG_WARN_COMMA = YES;
				CLANG_WARN_CONSTANT_CONVERSION = YES;
				CLANG_WARN_DEPRECATED_OBJC_IMPLEMENTATIONS = YES;
				CLANG_WARN_DIRECT_OBJC_ISA_USAGE = YES_ERROR;
				CLANG_WARN_DOCUMENTATION_COMMENTS = YES;
				CLANG_WARN_EMPTY_BODY = YES;
				CLANG_WARN_ENUM_CONVERSION = YES;
				CLANG_WARN_INFINITE_RECURSION = YES;
				CLANG_WARN_INT_CONVERSION = YES;
				CLANG_WARN_NON_LITERAL_NULL_CONVERSION = YES;
				CLANG_WARN_OBJC_IMPLICIT_RETAIN_SELF = YES;
				CLANG_WARN_OBJC_LITERAL_CONVERSION = YES;
				CLANG_WARN_OBJC_ROOT_CLASS = YES_ERROR;
				CLANG_WARN_RANGE_LOOP_ANALYSIS = YES;
				CLANG_WARN_STRICT_PROTOTYPES = YES;
				CLANG_WARN_SUSPICIOUS_MOVE = YES;
				CLANG_WARN_UNREACHABLE_CODE = YES;
				CLANG_WARN__DUPLICATE_METHOD_MATCH = YES;
				"CODE_SIGN_IDENTITY[sdk=iphoneos*]" = "iPhone Developer";
				COPY_PHASE_STRIP = NO;
				DEBUG_INFORMATION_FORMAT = "dwarf-with-dsym";
				ENABLE_NS_ASSERTIONS = NO;
				ENABLE_STRICT_OBJC_MSGSEND = YES;
				GCC_C_LANGUAGE_STANDARD = gnu99;
				GCC_NO_COMMON_BLOCKS = YES;
				GCC_WARN_64_TO_32_BIT_CONVERSION = YES;
				GCC_WARN_ABOUT_RETURN_TYPE = YES_ERROR;
				GCC_WARN_UNDECLARED_SELECTOR = YES;
				GCC_WARN_UNINITIALIZED_AUTOS = YES_AGGRESSIVE;
				GCC_WARN_UNUSED_FUNCTION = YES;
				GCC_WARN_UNUSED_VARIABLE = YES;
				IPHONEOS_DEPLOYMENT_TARGET = 10.3;
				MTL_ENABLE_DEBUG_INFO = NO;
				SDKROOT = iphoneos;
				SWIFT_OPTIMIZATION_LEVEL = "-Owholemodule";
				TARGETED_DEVICE_FAMILY = "1,2";
				VALIDATE_PRODUCT = YES;
			};
			name = Release;
		};
		922B63C91E9407B600C0BEDB /* Debug */ = {
			isa = XCBuildConfiguration;
			buildSettings = {
				ASSETCATALOG_COMPILER_APPICON_NAME = AppIcon;
				DEVELOPMENT_TEAM = 949NT5KTS9;
				INFOPLIST_FILE = SudokuSolver/Info.plist;
				IPHONEOS_DEPLOYMENT_TARGET = 12.0;
				LD_RUNPATH_SEARCH_PATHS = "$(inherited) @executable_path/Frameworks";
				PRODUCT_BUNDLE_IDENTIFIER = com.iTamilan.SudokuSolver;
				PRODUCT_NAME = "$(TARGET_NAME)";
				SWIFT_VERSION = 4.2;
				TARGETED_DEVICE_FAMILY = "1,2";
			};
			name = Debug;
		};
		922B63CA1E9407B600C0BEDB /* Release */ = {
			isa = XCBuildConfiguration;
			buildSettings = {
				ASSETCATALOG_COMPILER_APPICON_NAME = AppIcon;
				DEVELOPMENT_TEAM = 949NT5KTS9;
				INFOPLIST_FILE = SudokuSolver/Info.plist;
				IPHONEOS_DEPLOYMENT_TARGET = 12.0;
				LD_RUNPATH_SEARCH_PATHS = "$(inherited) @executable_path/Frameworks";
				PRODUCT_BUNDLE_IDENTIFIER = com.iTamilan.SudokuSolver;
				PRODUCT_NAME = "$(TARGET_NAME)";
				SWIFT_VERSION = 4.2;
				TARGETED_DEVICE_FAMILY = "1,2";
			};
			name = Release;
		};
/* End XCBuildConfiguration section */

/* Begin XCConfigurationList section */
		922B63981E9407B600C0BEDB /* Build configuration list for PBXProject "SudokuSolver" */ = {
			isa = XCConfigurationList;
			buildConfigurations = (
				922B63C61E9407B600C0BEDB /* Debug */,
				922B63C71E9407B600C0BEDB /* Release */,
			);
			defaultConfigurationIsVisible = 0;
			defaultConfigurationName = Release;
		};
		922B63C81E9407B600C0BEDB /* Build configuration list for PBXNativeTarget "SudokuSolver" */ = {
			isa = XCConfigurationList;
			buildConfigurations = (
				922B63C91E9407B600C0BEDB /* Debug */,
				922B63CA1E9407B600C0BEDB /* Release */,
			);
			defaultConfigurationIsVisible = 0;
			defaultConfigurationName = Release;
		};
/* End XCConfigurationList section */

/* Begin XCVersionGroup section */
		922B63DF1E94978C00C0BEDB /* SudokuSolver.xcdatamodeld */ = {
			isa = XCVersionGroup;
			children = (
				922B63E01E94978C00C0BEDB /* SudokuSolver.xcdatamodel */,
			);
			currentVersion = 922B63E01E94978C00C0BEDB /* SudokuSolver.xcdatamodel */;
			path = SudokuSolver.xcdatamodeld;
			sourceTree = "<group>";
			versionGroupType = wrapper.xcdatamodel;
		};
/* End XCVersionGroup section */
	};
	rootObject = 922B63951E9407B600C0BEDB /* Project object */;
}
